PODS:
  - BlurImageProcessor (1.0.0)
  - FaceAwareFill (1.0)
  - Haneke (1.0.1)

DEPENDENCIES:
  - BlurImageProcessor
  - FaceAwareFill
  - Haneke (~> 1.0)

SPEC CHECKSUMS:
  BlurImageProcessor: 287a860dbf21c75e9d6217ea9676c8112abe5c16
  FaceAwareFill: ea87c5a2c50b29b6836442d88af851d1eb1f13b4
  Haneke: 943f7121b50d31a31a0942afdacb7e6a26ea6181

COCOAPODS: 0.36.0.beta.1
